{
  "version": 4,
  "terraform_version": "1.9.1",
  "serial": 79,
  "lineage": "1c5bf7ff-c41c-23d3-ba61-7e55b803db3f",
  "outputs": {},
  "resources": [
    {
      "mode": "managed",
      "type": "google_cloud_run_service_iam_member",
      "name": "agent_assigner_cloud_run_invoker",
      "provider": "provider[\"registry.terraform.io/hashicorp/google\"]",
      "instances": [
        {
          "schema_version": 0,
          "attributes": {
            "condition": [],
            "etag": "BwYdxwUKmmY=",
            "id": "v1/projects/dalvacationhome-429314/locations/us-central1/services/agent-assigner-function/roles/run.invoker/allUsers",
            "location": "us-central1",
            "member": "allUsers",
            "project": "dalvacationhome-429314",
            "role": "roles/run.invoker",
            "service": "v1/projects/dalvacationhome-429314/locations/us-central1/services/agent-assigner-function"
          },
          "sensitive_attributes": [],
          "private": "bnVsbA==",
          "dependencies": [
            "google_cloudfunctions2_function.agent_assigner_function"
          ]
        }
      ]
    },
    {
      "mode": "managed",
      "type": "google_cloud_run_service_iam_member",
      "name": "chat_retriever_cloud_run_invoker",
      "provider": "provider[\"registry.terraform.io/hashicorp/google\"]",
      "instances": [
        {
          "schema_version": 0,
          "attributes": {
            "condition": [],
            "etag": "BwYdxwUMJtw=",
            "id": "v1/projects/dalvacationhome-429314/locations/us-central1/services/chat-retriever-function/roles/run.invoker/allUsers",
            "location": "us-central1",
            "member": "allUsers",
            "project": "dalvacationhome-429314",
            "role": "roles/run.invoker",
            "service": "v1/projects/dalvacationhome-429314/locations/us-central1/services/chat-retriever-function"
          },
          "sensitive_attributes": [],
          "private": "bnVsbA==",
          "dependencies": [
            "google_cloudfunctions2_function.chat_retriever_function"
          ]
        }
      ]
    },
    {
      "mode": "managed",
      "type": "google_cloud_run_service_iam_member",
      "name": "cloud_run_invoker",
      "provider": "provider[\"registry.terraform.io/hashicorp/google\"]",
      "instances": [
        {
          "schema_version": 0,
          "attributes": {
            "condition": [],
            "etag": "BwYdxeZEAuI=",
            "id": "v1/projects/dalvacationhome-429314/locations/us-central1/services/extract-sentiment-function/roles/run.invoker/allUsers",
            "location": "us-central1",
            "member": "allUsers",
            "project": "dalvacationhome-429314",
            "role": "roles/run.invoker",
            "service": "v1/projects/dalvacationhome-429314/locations/us-central1/services/extract-sentiment-function"
          },
          "sensitive_attributes": [],
          "private": "bnVsbA==",
          "dependencies": [
            "google_cloudfunctions2_function.extract-sentiment-function"
          ]
        }
      ]
    },
    {
      "mode": "managed",
      "type": "google_cloudfunctions2_function",
      "name": "agent_assigner_function",
      "provider": "provider[\"registry.terraform.io/hashicorp/google\"]",
      "instances": [
        {
          "schema_version": 0,
          "attributes": {
            "build_config": [
              {
                "build": "projects/834568195327/locations/us-central1/builds/36b414aa-85f0-4f51-bc0e-22522adba628",
                "docker_repository": "projects/dalvacationhome-429314/locations/us-central1/repositories/gcf-artifacts",
                "entry_point": "hello_pubsub",
                "environment_variables": {},
                "runtime": "python39",
                "source": [
                  {
                    "repo_source": [],
                    "storage_source": [
                      {
                        "bucket": "cloud-function-bucket-team36",
                        "generation": 1721590661512720,
                        "object": "agent-assigner-function.zip"
                      }
                    ]
                  }
                ],
                "worker_pool": ""
              }
            ],
            "description": "A function to assign agents",
            "environment": "GEN_2",
            "event_trigger": [],
            "id": "projects/dalvacationhome-429314/locations/us-central1/functions/agent-assigner-function",
            "labels": {},
            "location": "us-central1",
            "name": "agent-assigner-function",
            "project": "dalvacationhome-429314",
            "service_config": [
              {
                "all_traffic_on_latest_revision": true,
                "available_cpu": "0.1666",
                "available_memory": "256M",
                "environment_variables": {
                  "LOG_EXECUTION_ID": "true"
                },
                "gcf_uri": "",
                "ingress_settings": "ALLOW_ALL",
                "max_instance_count": 1,
                "max_instance_request_concurrency": 1,
                "min_instance_count": 0,
                "secret_environment_variables": [],
                "secret_volumes": [],
                "service": "projects/dalvacationhome-429314/locations/us-central1/services/agent-assigner-function",
                "service_account_email": "834568195327-compute@developer.gserviceaccount.com",
                "timeout_seconds": 60,
                "uri": "https://agent-assigner-function-g3ffjvedxq-uc.a.run.app",
                "vpc_connector": "",
                "vpc_connector_egress_settings": ""
              }
            ],
            "state": "ACTIVE",
            "timeouts": null,
            "update_time": "2024-07-21T19:38:34.010121408Z"
          },
          "sensitive_attributes": [],
          "private": "eyJlMmJmYjczMC1lY2FhLTExZTYtOGY4OC0zNDM2M2JjN2M0YzAiOnsiY3JlYXRlIjozNjAwMDAwMDAwMDAwLCJkZWxldGUiOjM2MDAwMDAwMDAwMDAsInVwZGF0ZSI6MzYwMDAwMDAwMDAwMH19"
        }
      ]
    },
    {
      "mode": "managed",
      "type": "google_cloudfunctions2_function",
      "name": "chat_retriever_function",
      "provider": "provider[\"registry.terraform.io/hashicorp/google\"]",
      "instances": [
        {
          "schema_version": 0,
          "attributes": {
            "build_config": [
              {
                "build": "projects/834568195327/locations/us-central1/builds/0331277d-7c0d-4415-a156-b4c2288008bb",
                "docker_repository": "projects/dalvacationhome-429314/locations/us-central1/repositories/gcf-artifacts",
                "entry_point": "ChatRetriever",
                "environment_variables": {},
                "runtime": "python39",
                "source": [
                  {
                    "repo_source": [],
                    "storage_source": [
                      {
                        "bucket": "cloud-function-bucket-team36",
                        "generation": 1721590661450852,
                        "object": "chat-retriever-function.zip"
                      }
                    ]
                  }
                ],
                "worker_pool": ""
              }
            ],
            "description": "A function to retrieve chat messages",
            "environment": "GEN_2",
            "event_trigger": [],
            "id": "projects/dalvacationhome-429314/locations/us-central1/functions/chat-retriever-function",
            "labels": {},
            "location": "us-central1",
            "name": "chat-retriever-function",
            "project": "dalvacationhome-429314",
            "service_config": [
              {
                "all_traffic_on_latest_revision": true,
                "available_cpu": "0.1666",
                "available_memory": "256M",
                "environment_variables": {
                  "LOG_EXECUTION_ID": "true"
                },
                "gcf_uri": "",
                "ingress_settings": "ALLOW_ALL",
                "max_instance_count": 1,
                "max_instance_request_concurrency": 1,
                "min_instance_count": 0,
                "secret_environment_variables": [],
                "secret_volumes": [],
                "service": "projects/dalvacationhome-429314/locations/us-central1/services/chat-retriever-function",
                "service_account_email": "834568195327-compute@developer.gserviceaccount.com",
                "timeout_seconds": 60,
                "uri": "https://chat-retriever-function-g3ffjvedxq-uc.a.run.app",
                "vpc_connector": "",
                "vpc_connector_egress_settings": ""
              }
            ],
            "state": "ACTIVE",
            "timeouts": null,
            "update_time": "2024-07-21T19:38:33.080562124Z"
          },
          "sensitive_attributes": [],
          "private": "eyJlMmJmYjczMC1lY2FhLTExZTYtOGY4OC0zNDM2M2JjN2M0YzAiOnsiY3JlYXRlIjozNjAwMDAwMDAwMDAwLCJkZWxldGUiOjM2MDAwMDAwMDAwMDAsInVwZGF0ZSI6MzYwMDAwMDAwMDAwMH19"
        }
      ]
    },
    {
      "mode": "managed",
      "type": "google_cloudfunctions2_function",
      "name": "extract-sentiment-function",
      "provider": "provider[\"registry.terraform.io/hashicorp/google\"]",
      "instances": [
        {
          "schema_version": 0,
          "attributes": {
            "build_config": [
              {
                "build": "projects/834568195327/locations/us-central1/builds/cfed6e1d-0549-46a9-b564-6a8777d3d2ad",
                "docker_repository": "projects/dalvacationhome-429314/locations/us-central1/repositories/gcf-artifacts",
                "entry_point": "helloHttp",
                "environment_variables": {},
                "runtime": "nodejs20",
                "source": [
                  {
                    "repo_source": [],
                    "storage_source": [
                      {
                        "bucket": "cloud-function-bucket-team36",
                        "generation": 1721590661479473,
                        "object": "extract-sentiment-function-source.zip"
                      }
                    ]
                  }
                ],
                "worker_pool": ""
              }
            ],
            "description": "a new function",
            "environment": "GEN_2",
            "event_trigger": [],
            "id": "projects/dalvacationhome-429314/locations/us-central1/functions/extract-sentiment-function",
            "labels": {},
            "location": "us-central1",
            "name": "extract-sentiment-function",
            "project": "dalvacationhome-429314",
            "service_config": [
              {
                "all_traffic_on_latest_revision": true,
                "available_cpu": "0.1666",
                "available_memory": "256M",
                "environment_variables": {
                  "LOG_EXECUTION_ID": "true"
                },
                "gcf_uri": "",
                "ingress_settings": "ALLOW_ALL",
                "max_instance_count": 1,
                "max_instance_request_concurrency": 1,
                "min_instance_count": 0,
                "secret_environment_variables": [],
                "secret_volumes": [],
                "service": "projects/dalvacationhome-429314/locations/us-central1/services/extract-sentiment-function",
                "service_account_email": "834568195327-compute@developer.gserviceaccount.com",
                "timeout_seconds": 60,
                "uri": "https://extract-sentiment-function-g3ffjvedxq-uc.a.run.app",
                "vpc_connector": "",
                "vpc_connector_egress_settings": ""
              }
            ],
            "state": "ACTIVE",
            "timeouts": null,
            "update_time": "2024-07-21T19:38:31.534730420Z"
          },
          "sensitive_attributes": [],
          "private": "eyJlMmJmYjczMC1lY2FhLTExZTYtOGY4OC0zNDM2M2JjN2M0YzAiOnsiY3JlYXRlIjozNjAwMDAwMDAwMDAwLCJkZWxldGUiOjM2MDAwMDAwMDAwMDAsInVwZGF0ZSI6MzYwMDAwMDAwMDAwMH19"
        }
      ]
    },
    {
      "mode": "managed",
      "type": "google_cloudfunctions2_function_iam_member",
      "name": "agent_assigner_invoker",
      "provider": "provider[\"registry.terraform.io/hashicorp/google\"]",
      "instances": [
        {
          "schema_version": 0,
          "attributes": {
            "cloud_function": "projects/dalvacationhome-429314/locations/us-central1/functions/agent-assigner-function",
            "condition": [],
            "etag": "BwYdxwUJKvA=",
            "id": "projects/dalvacationhome-429314/locations/us-central1/functions/agent-assigner-function/roles/cloudfunctions.invoker/allUsers",
            "location": "us-central1",
            "member": "allUsers",
            "project": "dalvacationhome-429314",
            "role": "roles/cloudfunctions.invoker"
          },
          "sensitive_attributes": [],
          "private": "bnVsbA==",
          "dependencies": [
            "google_cloudfunctions2_function.agent_assigner_function"
          ]
        }
      ]
    },
    {
      "mode": "managed",
      "type": "google_cloudfunctions2_function_iam_member",
      "name": "chat_retriever_invoker",
      "provider": "provider[\"registry.terraform.io/hashicorp/google\"]",
      "instances": [
        {
          "schema_version": 0,
          "attributes": {
            "cloud_function": "projects/dalvacationhome-429314/locations/us-central1/functions/chat-retriever-function",
            "condition": [],
            "etag": "BwYdxwUF/1w=",
            "id": "projects/dalvacationhome-429314/locations/us-central1/functions/chat-retriever-function/roles/cloudfunctions.invoker/allUsers",
            "location": "us-central1",
            "member": "allUsers",
            "project": "dalvacationhome-429314",
            "role": "roles/cloudfunctions.invoker"
          },
          "sensitive_attributes": [],
          "private": "bnVsbA==",
          "dependencies": [
            "google_cloudfunctions2_function.chat_retriever_function"
          ]
        }
      ]
    },
    {
      "mode": "managed",
      "type": "google_cloudfunctions2_function_iam_member",
      "name": "invoker",
      "provider": "provider[\"registry.terraform.io/hashicorp/google\"]",
      "instances": [
        {
          "schema_version": 0,
          "attributes": {
            "cloud_function": "projects/dalvacationhome-429314/locations/us-central1/functions/extract-sentiment-function",
            "condition": [],
            "etag": "BwYdxeZIpNU=",
            "id": "projects/dalvacationhome-429314/locations/us-central1/functions/extract-sentiment-function/roles/cloudfunctions.invoker/allUsers",
            "location": "us-central1",
            "member": "allUsers",
            "project": "dalvacationhome-429314",
            "role": "roles/cloudfunctions.invoker"
          },
          "sensitive_attributes": [],
          "private": "bnVsbA==",
          "dependencies": [
            "google_cloudfunctions2_function.extract-sentiment-function"
          ]
        }
      ]
    }
  ],
  "check_results": null
}
